// !$*UTF8*$!
{
	archiveVersion = 1;
	classes = {
	};
	objectVersion = 51;
	objects = {

/* Begin PBXBuildFile section */
		4109CDD58885FB41982FB6F1 /* Pods_FitStartTests.framework in Frameworks */ = {isa = PBXBuildFile; fileRef = 31412F4E0BE459ACFF5D89A1 /* Pods_FitStartTests.framework */; };
		5E49740825609D2D007D89B5 /* LoseWeight.swift in Sources */ = {isa = PBXBuildFile; fileRef = 5E49740725609D2D007D89B5 /* LoseWeight.swift */; };
		938E8D9200EFC89AABF4D00A /* Pods_FitStart_FitStartUITests.framework in Frameworks */ = {isa = PBXBuildFile; fileRef = 028037CF007FD86EB7CF8EDD /* Pods_FitStart_FitStartUITests.framework */; };
		B14F3EB725587D7F00D1B7BB /* FitStart.xcdatamodeld in Sources */ = {isa = PBXBuildFile; fileRef = B14F3EB525587D7F00D1B7BB /* FitStart.xcdatamodeld */; };
		B14F3EBF2558823100D1B7BB /* ModelData.swift in Sources */ = {isa = PBXBuildFile; fileRef = B14F3EBE2558823100D1B7BB /* ModelData.swift */; };
		B189CB90255856B300FFBDEA /* FitStartApp.swift in Sources */ = {isa = PBXBuildFile; fileRef = B189CB8F255856B300FFBDEA /* FitStartApp.swift */; };
		B189CB92255856B300FFBDEA /* ContentView.swift in Sources */ = {isa = PBXBuildFile; fileRef = B189CB91255856B300FFBDEA /* ContentView.swift */; };
		B189CB94255856B700FFBDEA /* Assets.xcassets in Resources */ = {isa = PBXBuildFile; fileRef = B189CB93255856B700FFBDEA /* Assets.xcassets */; };
		B189CB97255856B700FFBDEA /* Preview Assets.xcassets in Resources */ = {isa = PBXBuildFile; fileRef = B189CB96255856B700FFBDEA /* Preview Assets.xcassets */; };
		B189CB99255856B700FFBDEA /* Persistence.swift in Sources */ = {isa = PBXBuildFile; fileRef = B189CB98255856B700FFBDEA /* Persistence.swift */; };
		B189CBA7255856B800FFBDEA /* FitStartTests.swift in Sources */ = {isa = PBXBuildFile; fileRef = B189CBA6255856B800FFBDEA /* FitStartTests.swift */; };
		B189CBB2255856B800FFBDEA /* FitStartUITests.swift in Sources */ = {isa = PBXBuildFile; fileRef = B189CBB1255856B800FFBDEA /* FitStartUITests.swift */; };
		B189CBD025585B2700FFBDEA /* Pal.swift in Sources */ = {isa = PBXBuildFile; fileRef = B189CBCF25585B2700FFBDEA /* Pal.swift */; };
		B189CBD525585B5F00FFBDEA /* Fitness.swift in Sources */ = {isa = PBXBuildFile; fileRef = B189CBD425585B5F00FFBDEA /* Fitness.swift */; };
		B189CBDA25585B7800FFBDEA /* Meal.swift in Sources */ = {isa = PBXBuildFile; fileRef = B189CBD925585B7800FFBDEA /* Meal.swift */; };
		B189CBDF25585BAF00FFBDEA /* OnBoardScreen.swift in Sources */ = {isa = PBXBuildFile; fileRef = B189CBDE25585BAF00FFBDEA /* OnBoardScreen.swift */; };
		B189CBE725585D5B00FFBDEA /* HomeViewModel.swift in Sources */ = {isa = PBXBuildFile; fileRef = B189CBE625585D5B00FFBDEA /* HomeViewModel.swift */; };
		B189CBEC25585DF600FFBDEA /* NewDataView.swift in Sources */ = {isa = PBXBuildFile; fileRef = B189CBEB25585DF600FFBDEA /* NewDataView.swift */; };
		B189CBF12558631500FFBDEA /* DateButton.swift in Sources */ = {isa = PBXBuildFile; fileRef = B189CBF02558631500FFBDEA /* DateButton.swift */; };
		C2D87C20F3FA316F573742E0 /* Pods_FitStart.framework in Frameworks */ = {isa = PBXBuildFile; fileRef = 6D25A2A3E9845ED863DD1E28 /* Pods_FitStart.framework */; };
		C90478EB2575D0E600BFE166 /* GoogleService-Info.plist in Resources */ = {isa = PBXBuildFile; fileRef = C90478EA2575D0E600BFE166 /* GoogleService-Info.plist */; };
		C956836B25758073003881EB /* Station View.swift in Sources */ = {isa = PBXBuildFile; fileRef = C956836A25758073003881EB /* Station View.swift */; };
		C95D61832575D49E0065C677 /* LoginView.swift in Sources */ = {isa = PBXBuildFile; fileRef = C95D61822575D49E0065C677 /* LoginView.swift */; };
		C95D61882575DE040065C677 /* RegisterUser.swift in Sources */ = {isa = PBXBuildFile; fileRef = C95D61872575DE040065C677 /* RegisterUser.swift */; };
		C95D61902575DE9B0065C677 /* RegisterViewModel.swift in Sources */ = {isa = PBXBuildFile; fileRef = C95D618F2575DE9B0065C677 /* RegisterViewModel.swift */; };
		C95D61952575E0410065C677 /* ImagePicker.swift in Sources */ = {isa = PBXBuildFile; fileRef = C95D61942575E0410065C677 /* ImagePicker.swift */; };
		C95D619A2575E7230065C677 /* UploadImage.swift in Sources */ = {isa = PBXBuildFile; fileRef = C95D61992575E7230065C677 /* UploadImage.swift */; };
		C95D619F2575EB990065C677 /* Profile.swift in Sources */ = {isa = PBXBuildFile; fileRef = C95D619E2575EB990065C677 /* Profile.swift */; };
		C9C4392625799DB30012C5E9 /* Cube_one.swift in Sources */ = {isa = PBXBuildFile; fileRef = C9C4392525799DB30012C5E9 /* Cube_one.swift */; };
		C9C4392B2579A1710012C5E9 /* Cube_two.swift in Sources */ = {isa = PBXBuildFile; fileRef = C9C4392A2579A1710012C5E9 /* Cube_two.swift */; };
		C9C439302579BEF50012C5E9 /* Goals.swift in Sources */ = {isa = PBXBuildFile; fileRef = C9C4392F2579BEF50012C5E9 /* Goals.swift */; };
		C9C439352579BF780012C5E9 /* Leaderboard.swift in Sources */ = {isa = PBXBuildFile; fileRef = C9C439342579BF780012C5E9 /* Leaderboard.swift */; };
/* End PBXBuildFile section */

/* Begin PBXContainerItemProxy section */
		B189CBA3255856B800FFBDEA /* PBXContainerItemProxy */ = {
			isa = PBXContainerItemProxy;
			containerPortal = B189CB84255856B300FFBDEA /* Project object */;
			proxyType = 1;
			remoteGlobalIDString = B189CB8B255856B300FFBDEA;
			remoteInfo = FitStart;
		};
		B189CBAE255856B800FFBDEA /* PBXContainerItemProxy */ = {
			isa = PBXContainerItemProxy;
			containerPortal = B189CB84255856B300FFBDEA /* Project object */;
			proxyType = 1;
			remoteGlobalIDString = B189CB8B255856B300FFBDEA;
			remoteInfo = FitStart;
		};
/* End PBXContainerItemProxy section */

/* Begin PBXFileReference section */
		028037CF007FD86EB7CF8EDD /* Pods_FitStart_FitStartUITests.framework */ = {isa = PBXFileReference; explicitFileType = wrapper.framework; includeInIndex = 0; path = Pods_FitStart_FitStartUITests.framework; sourceTree = BUILT_PRODUCTS_DIR; };
		2EBED182DB7DC8FBDD6145A4 /* Pods-FitStart-FitStartUITests.debug.xcconfig */ = {isa = PBXFileReference; includeInIndex = 1; lastKnownFileType = text.xcconfig; name = "Pods-FitStart-FitStartUITests.debug.xcconfig"; path = "Target Support Files/Pods-FitStart-FitStartUITests/Pods-FitStart-FitStartUITests.debug.xcconfig"; sourceTree = "<group>"; };
		31412F4E0BE459ACFF5D89A1 /* Pods_FitStartTests.framework */ = {isa = PBXFileReference; explicitFileType = wrapper.framework; includeInIndex = 0; path = Pods_FitStartTests.framework; sourceTree = BUILT_PRODUCTS_DIR; };
		33936E23C09EEC0AAA1992B3 /* Pods-FitStartTests.debug.xcconfig */ = {isa = PBXFileReference; includeInIndex = 1; lastKnownFileType = text.xcconfig; name = "Pods-FitStartTests.debug.xcconfig"; path = "Target Support Files/Pods-FitStartTests/Pods-FitStartTests.debug.xcconfig"; sourceTree = "<group>"; };
		5E49740725609D2D007D89B5 /* LoseWeight.swift */ = {isa = PBXFileReference; lastKnownFileType = sourcecode.swift; path = LoseWeight.swift; sourceTree = "<group>"; };
		6D25A2A3E9845ED863DD1E28 /* Pods_FitStart.framework */ = {isa = PBXFileReference; explicitFileType = wrapper.framework; includeInIndex = 0; path = Pods_FitStart.framework; sourceTree = BUILT_PRODUCTS_DIR; };
		9C4EEFD7EF10E7BD7CEB6A6E /* Pods-FitStartTests.release.xcconfig */ = {isa = PBXFileReference; includeInIndex = 1; lastKnownFileType = text.xcconfig; name = "Pods-FitStartTests.release.xcconfig"; path = "Target Support Files/Pods-FitStartTests/Pods-FitStartTests.release.xcconfig"; sourceTree = "<group>"; };
		B14F3EB625587D7F00D1B7BB /* FitStart.xcdatamodel */ = {isa = PBXFileReference; lastKnownFileType = wrapper.xcdatamodel; path = FitStart.xcdatamodel; sourceTree = "<group>"; };
		B14F3EBE2558823100D1B7BB /* ModelData.swift */ = {isa = PBXFileReference; lastKnownFileType = sourcecode.swift; path = ModelData.swift; sourceTree = "<group>"; };
		B189CB8C255856B300FFBDEA /* FitStart.app */ = {isa = PBXFileReference; explicitFileType = wrapper.application; includeInIndex = 0; path = FitStart.app; sourceTree = BUILT_PRODUCTS_DIR; };
		B189CB8F255856B300FFBDEA /* FitStartApp.swift */ = {isa = PBXFileReference; lastKnownFileType = sourcecode.swift; path = FitStartApp.swift; sourceTree = "<group>"; };
		B189CB91255856B300FFBDEA /* ContentView.swift */ = {isa = PBXFileReference; lastKnownFileType = sourcecode.swift; path = ContentView.swift; sourceTree = "<group>"; };
		B189CB93255856B700FFBDEA /* Assets.xcassets */ = {isa = PBXFileReference; lastKnownFileType = folder.assetcatalog; path = Assets.xcassets; sourceTree = "<group>"; };
		B189CB96255856B700FFBDEA /* Preview Assets.xcassets */ = {isa = PBXFileReference; lastKnownFileType = folder.assetcatalog; path = "Preview Assets.xcassets"; sourceTree = "<group>"; };
		B189CB98255856B700FFBDEA /* Persistence.swift */ = {isa = PBXFileReference; lastKnownFileType = sourcecode.swift; path = Persistence.swift; sourceTree = "<group>"; };
		B189CB9D255856B700FFBDEA /* Info.plist */ = {isa = PBXFileReference; lastKnownFileType = text.plist.xml; path = Info.plist; sourceTree = "<group>"; };
		B189CBA2255856B800FFBDEA /* FitStartTests.xctest */ = {isa = PBXFileReference; explicitFileType = wrapper.cfbundle; includeInIndex = 0; path = FitStartTests.xctest; sourceTree = BUILT_PRODUCTS_DIR; };
		B189CBA6255856B800FFBDEA /* FitStartTests.swift */ = {isa = PBXFileReference; lastKnownFileType = sourcecode.swift; path = FitStartTests.swift; sourceTree = "<group>"; };
		B189CBA8255856B800FFBDEA /* Info.plist */ = {isa = PBXFileReference; lastKnownFileType = text.plist.xml; path = Info.plist; sourceTree = "<group>"; };
		B189CBAD255856B800FFBDEA /* FitStartUITests.xctest */ = {isa = PBXFileReference; explicitFileType = wrapper.cfbundle; includeInIndex = 0; path = FitStartUITests.xctest; sourceTree = BUILT_PRODUCTS_DIR; };
		B189CBB1255856B800FFBDEA /* FitStartUITests.swift */ = {isa = PBXFileReference; lastKnownFileType = sourcecode.swift; path = FitStartUITests.swift; sourceTree = "<group>"; };
		B189CBB3255856B800FFBDEA /* Info.plist */ = {isa = PBXFileReference; lastKnownFileType = text.plist.xml; path = Info.plist; sourceTree = "<group>"; };
		B189CBCF25585B2700FFBDEA /* Pal.swift */ = {isa = PBXFileReference; lastKnownFileType = sourcecode.swift; path = Pal.swift; sourceTree = "<group>"; };
		B189CBD425585B5F00FFBDEA /* Fitness.swift */ = {isa = PBXFileReference; lastKnownFileType = sourcecode.swift; path = Fitness.swift; sourceTree = "<group>"; };
		B189CBD925585B7800FFBDEA /* Meal.swift */ = {isa = PBXFileReference; lastKnownFileType = sourcecode.swift; path = Meal.swift; sourceTree = "<group>"; };
		B189CBDE25585BAF00FFBDEA /* OnBoardScreen.swift */ = {isa = PBXFileReference; lastKnownFileType = sourcecode.swift; path = OnBoardScreen.swift; sourceTree = "<group>"; };
		B189CBE625585D5B00FFBDEA /* HomeViewModel.swift */ = {isa = PBXFileReference; lastKnownFileType = sourcecode.swift; path = HomeViewModel.swift; sourceTree = "<group>"; };
		B189CBEB25585DF600FFBDEA /* NewDataView.swift */ = {isa = PBXFileReference; lastKnownFileType = sourcecode.swift; path = NewDataView.swift; sourceTree = "<group>"; };
		B189CBF02558631500FFBDEA /* DateButton.swift */ = {isa = PBXFileReference; lastKnownFileType = sourcecode.swift; path = DateButton.swift; sourceTree = "<group>"; };
		C90478EA2575D0E600BFE166 /* GoogleService-Info.plist */ = {isa = PBXFileReference; fileEncoding = 4; lastKnownFileType = text.plist.xml; path = "GoogleService-Info.plist"; sourceTree = "<group>"; };
		C956836A25758073003881EB /* Station View.swift */ = {isa = PBXFileReference; lastKnownFileType = sourcecode.swift; path = "Station View.swift"; sourceTree = "<group>"; };
		C95D61822575D49E0065C677 /* LoginView.swift */ = {isa = PBXFileReference; lastKnownFileType = sourcecode.swift; path = LoginView.swift; sourceTree = "<group>"; };
		C95D61872575DE040065C677 /* RegisterUser.swift */ = {isa = PBXFileReference; lastKnownFileType = sourcecode.swift; path = RegisterUser.swift; sourceTree = "<group>"; };
		C95D618F2575DE9B0065C677 /* RegisterViewModel.swift */ = {isa = PBXFileReference; lastKnownFileType = sourcecode.swift; path = RegisterViewModel.swift; sourceTree = "<group>"; };
		C95D61942575E0410065C677 /* ImagePicker.swift */ = {isa = PBXFileReference; lastKnownFileType = sourcecode.swift; path = ImagePicker.swift; sourceTree = "<group>"; };
		C95D61992575E7230065C677 /* UploadImage.swift */ = {isa = PBXFileReference; lastKnownFileType = sourcecode.swift; path = UploadImage.swift; sourceTree = "<group>"; };
		C95D619E2575EB990065C677 /* Profile.swift */ = {isa = PBXFileReference; lastKnownFileType = sourcecode.swift; path = Profile.swift; sourceTree = "<group>"; };
		C9C4392525799DB30012C5E9 /* Cube_one.swift */ = {isa = PBXFileReference; lastKnownFileType = sourcecode.swift; path = Cube_one.swift; sourceTree = "<group>"; };
		C9C4392A2579A1710012C5E9 /* Cube_two.swift */ = {isa = PBXFileReference; lastKnownFileType = sourcecode.swift; path = Cube_two.swift; sourceTree = "<group>"; };
		C9C4392F2579BEF50012C5E9 /* Goals.swift */ = {isa = PBXFileReference; lastKnownFileType = sourcecode.swift; path = Goals.swift; sourceTree = "<group>"; };
		C9C439342579BF780012C5E9 /* Leaderboard.swift */ = {isa = PBXFileReference; lastKnownFileType = sourcecode.swift; path = Leaderboard.swift; sourceTree = "<group>"; };
		E451E7A9383B7A5CDF28A792 /* Pods-FitStart-FitStartUITests.release.xcconfig */ = {isa = PBXFileReference; includeInIndex = 1; lastKnownFileType = text.xcconfig; name = "Pods-FitStart-FitStartUITests.release.xcconfig"; path = "Target Support Files/Pods-FitStart-FitStartUITests/Pods-FitStart-FitStartUITests.release.xcconfig"; sourceTree = "<group>"; };
		EC42589BEB2D215201A597BE /* Pods-FitStart.release.xcconfig */ = {isa = PBXFileReference; includeInIndex = 1; lastKnownFileType = text.xcconfig; name = "Pods-FitStart.release.xcconfig"; path = "Target Support Files/Pods-FitStart/Pods-FitStart.release.xcconfig"; sourceTree = "<group>"; };
		EC74B86D493B2F8121E5F00A /* Pods-FitStart.debug.xcconfig */ = {isa = PBXFileReference; includeInIndex = 1; lastKnownFileType = text.xcconfig; name = "Pods-FitStart.debug.xcconfig"; path = "Target Support Files/Pods-FitStart/Pods-FitStart.debug.xcconfig"; sourceTree = "<group>"; };
/* End PBXFileReference section */

/* Begin PBXFrameworksBuildPhase section */
		B189CB89255856B300FFBDEA /* Frameworks */ = {
			isa = PBXFrameworksBuildPhase;
			buildActionMask = 2147483647;
			files = (
				C2D87C20F3FA316F573742E0 /* Pods_FitStart.framework in Frameworks */,
			);
			runOnlyForDeploymentPostprocessing = 0;
		};
		B189CB9F255856B800FFBDEA /* Frameworks */ = {
			isa = PBXFrameworksBuildPhase;
			buildActionMask = 2147483647;
			files = (
				4109CDD58885FB41982FB6F1 /* Pods_FitStartTests.framework in Frameworks */,
			);
			runOnlyForDeploymentPostprocessing = 0;
		};
		B189CBAA255856B800FFBDEA /* Frameworks */ = {
			isa = PBXFrameworksBuildPhase;
			buildActionMask = 2147483647;
			files = (
				938E8D9200EFC89AABF4D00A /* Pods_FitStart_FitStartUITests.framework in Frameworks */,
			);
			runOnlyForDeploymentPostprocessing = 0;
		};
/* End PBXFrameworksBuildPhase section */

/* Begin PBXGroup section */
		0209D25F60A233823099B977 /* Pods */ = {
			isa = PBXGroup;
			children = (
				EC74B86D493B2F8121E5F00A /* Pods-FitStart.debug.xcconfig */,
				EC42589BEB2D215201A597BE /* Pods-FitStart.release.xcconfig */,
				2EBED182DB7DC8FBDD6145A4 /* Pods-FitStart-FitStartUITests.debug.xcconfig */,
				E451E7A9383B7A5CDF28A792 /* Pods-FitStart-FitStartUITests.release.xcconfig */,
				33936E23C09EEC0AAA1992B3 /* Pods-FitStartTests.debug.xcconfig */,
				9C4EEFD7EF10E7BD7CEB6A6E /* Pods-FitStartTests.release.xcconfig */,
			);
			path = Pods;
			sourceTree = "<group>";
		};
		9F23B8DBEA2A45DF76939E67 /* Frameworks */ = {
			isa = PBXGroup;
			children = (
				6D25A2A3E9845ED863DD1E28 /* Pods_FitStart.framework */,
				028037CF007FD86EB7CF8EDD /* Pods_FitStart_FitStartUITests.framework */,
				31412F4E0BE459ACFF5D89A1 /* Pods_FitStartTests.framework */,
			);
			name = Frameworks;
			sourceTree = "<group>";
		};
		B189CB83255856B300FFBDEA = {
			isa = PBXGroup;
			children = (
				B189CB8E255856B300FFBDEA /* FitStart */,
				B189CBA5255856B800FFBDEA /* FitStartTests */,
				B189CBB0255856B800FFBDEA /* FitStartUITests */,
				B189CB8D255856B300FFBDEA /* Products */,
				0209D25F60A233823099B977 /* Pods */,
				9F23B8DBEA2A45DF76939E67 /* Frameworks */,
			);
			sourceTree = "<group>";
		};
		B189CB8D255856B300FFBDEA /* Products */ = {
			isa = PBXGroup;
			children = (
				B189CB8C255856B300FFBDEA /* FitStart.app */,
				B189CBA2255856B800FFBDEA /* FitStartTests.xctest */,
				B189CBAD255856B800FFBDEA /* FitStartUITests.xctest */,
			);
			name = Products;
			sourceTree = "<group>";
		};
		B189CB8E255856B300FFBDEA /* FitStart */ = {
			isa = PBXGroup;
			children = (
				C90478EA2575D0E600BFE166 /* GoogleService-Info.plist */,
				C95D61792575D34D0065C677 /* Model */,
				B189CBC625585A7300FFBDEA /* ViewModel */,
				B189CBC525585A6300FFBDEA /* View */,
				B189CB8F255856B300FFBDEA /* FitStartApp.swift */,
				B189CB91255856B300FFBDEA /* ContentView.swift */,
				B189CB93255856B700FFBDEA /* Assets.xcassets */,
				B189CB98255856B700FFBDEA /* Persistence.swift */,
				B189CB9D255856B700FFBDEA /* Info.plist */,
				B14F3EB525587D7F00D1B7BB /* FitStart.xcdatamodeld */,
				B189CB95255856B700FFBDEA /* Preview Content */,
			);
			path = FitStart;
			sourceTree = "<group>";
		};
		B189CB95255856B700FFBDEA /* Preview Content */ = {
			isa = PBXGroup;
			children = (
				B189CB96255856B700FFBDEA /* Preview Assets.xcassets */,
			);
			path = "Preview Content";
			sourceTree = "<group>";
		};
		B189CBA5255856B800FFBDEA /* FitStartTests */ = {
			isa = PBXGroup;
			children = (
				B189CBA6255856B800FFBDEA /* FitStartTests.swift */,
				B189CBA8255856B800FFBDEA /* Info.plist */,
			);
			path = FitStartTests;
			sourceTree = "<group>";
		};
		B189CBB0255856B800FFBDEA /* FitStartUITests */ = {
			isa = PBXGroup;
			children = (
				B189CBB1255856B800FFBDEA /* FitStartUITests.swift */,
				B189CBB3255856B800FFBDEA /* Info.plist */,
			);
			path = FitStartUITests;
			sourceTree = "<group>";
		};
		B189CBC525585A6300FFBDEA /* View */ = {
			isa = PBXGroup;
			children = (
				B189CBCF25585B2700FFBDEA /* Pal.swift */,
				B189CBD425585B5F00FFBDEA /* Fitness.swift */,
				5E49740725609D2D007D89B5 /* LoseWeight.swift */,
				B189CBD925585B7800FFBDEA /* Meal.swift */,
				B189CBDE25585BAF00FFBDEA /* OnBoardScreen.swift */,
				B189CBEB25585DF600FFBDEA /* NewDataView.swift */,
				B189CBF02558631500FFBDEA /* DateButton.swift */,
				C956836A25758073003881EB /* Station View.swift */,
				C95D61872575DE040065C677 /* RegisterUser.swift */,
				C95D61942575E0410065C677 /* ImagePicker.swift */,
				C95D619E2575EB990065C677 /* Profile.swift */,
				C9C4392525799DB30012C5E9 /* Cube_one.swift */,
				C9C4392A2579A1710012C5E9 /* Cube_two.swift */,
				C9C4392F2579BEF50012C5E9 /* Goals.swift */,
				C9C439342579BF780012C5E9 /* Leaderboard.swift */,
			);
			path = View;
			sourceTree = "<group>";
		};
		B189CBC625585A7300FFBDEA /* ViewModel */ = {
			isa = PBXGroup;
			children = (
				B189CBE625585D5B00FFBDEA /* HomeViewModel.swift */,
				B14F3EBE2558823100D1B7BB /* ModelData.swift */,
				C95D61822575D49E0065C677 /* LoginView.swift */,
				C95D618F2575DE9B0065C677 /* RegisterViewModel.swift */,
			);
			path = ViewModel;
			sourceTree = "<group>";
		};
		C95D61792575D34D0065C677 /* Model */ = {
			isa = PBXGroup;
			children = (
				C95D61992575E7230065C677 /* UploadImage.swift */,
			);
			path = Model;
			sourceTree = "<group>";
		};
/* End PBXGroup section */

/* Begin PBXNativeTarget section */
		B189CB8B255856B300FFBDEA /* FitStart */ = {
			isa = PBXNativeTarget;
			buildConfigurationList = B189CBB6255856B800FFBDEA /* Build configuration list for PBXNativeTarget "FitStart" */;
			buildPhases = (
				602593F8428054C1F27A4678 /* [CP] Check Pods Manifest.lock */,
				B189CB88255856B300FFBDEA /* Sources */,
				B189CB89255856B300FFBDEA /* Frameworks */,
				B189CB8A255856B300FFBDEA /* Resources */,
				C2B831B5A36A12D3DF43C11D /* [CP] Embed Pods Frameworks */,
			);
			buildRules = (
			);
			dependencies = (
			);
			name = FitStart;
			productName = FitStart;
			productReference = B189CB8C255856B300FFBDEA /* FitStart.app */;
			productType = "com.apple.product-type.application";
		};
		B189CBA1255856B800FFBDEA /* FitStartTests */ = {
			isa = PBXNativeTarget;
			buildConfigurationList = B189CBB9255856B800FFBDEA /* Build configuration list for PBXNativeTarget "FitStartTests" */;
			buildPhases = (
				4E6B1817119E25397E4A1560 /* [CP] Check Pods Manifest.lock */,
				B189CB9E255856B800FFBDEA /* Sources */,
				B189CB9F255856B800FFBDEA /* Frameworks */,
				B189CBA0255856B800FFBDEA /* Resources */,
			);
			buildRules = (
			);
			dependencies = (
				B189CBA4255856B800FFBDEA /* PBXTargetDependency */,
			);
			name = FitStartTests;
			productName = FitStartTests;
			productReference = B189CBA2255856B800FFBDEA /* FitStartTests.xctest */;
			productType = "com.apple.product-type.bundle.unit-test";
		};
		B189CBAC255856B800FFBDEA /* FitStartUITests */ = {
			isa = PBXNativeTarget;
			buildConfigurationList = B189CBBC255856B800FFBDEA /* Build configuration list for PBXNativeTarget "FitStartUITests" */;
			buildPhases = (
				5478D60C57EDE5F81DCAEACA /* [CP] Check Pods Manifest.lock */,
				B189CBA9255856B800FFBDEA /* Sources */,
				B189CBAA255856B800FFBDEA /* Frameworks */,
				B189CBAB255856B800FFBDEA /* Resources */,
				3623B1C4AD737FB73B57FE13 /* [CP] Embed Pods Frameworks */,
			);
			buildRules = (
			);
			dependencies = (
				B189CBAF255856B800FFBDEA /* PBXTargetDependency */,
			);
			name = FitStartUITests;
			productName = FitStartUITests;
			productReference = B189CBAD255856B800FFBDEA /* FitStartUITests.xctest */;
			productType = "com.apple.product-type.bundle.ui-testing";
		};
/* End PBXNativeTarget section */

/* Begin PBXProject section */
		B189CB84255856B300FFBDEA /* Project object */ = {
			isa = PBXProject;
			attributes = {
				LastSwiftUpdateCheck = 1210;
				LastUpgradeCheck = 1210;
				TargetAttributes = {
					B189CB8B255856B300FFBDEA = {
						CreatedOnToolsVersion = 12.1;
					};
					B189CBA1255856B800FFBDEA = {
						CreatedOnToolsVersion = 12.1;
						TestTargetID = B189CB8B255856B300FFBDEA;
					};
					B189CBAC255856B800FFBDEA = {
						CreatedOnToolsVersion = 12.1;
						TestTargetID = B189CB8B255856B300FFBDEA;
					};
				};
			};
			buildConfigurationList = B189CB87255856B300FFBDEA /* Build configuration list for PBXProject "FitStart" */;
			compatibilityVersion = "Xcode 9.3";
			developmentRegion = en;
			hasScannedForEncodings = 0;
			knownRegions = (
				en,
				Base,
			);
			mainGroup = B189CB83255856B300FFBDEA;
			productRefGroup = B189CB8D255856B300FFBDEA /* Products */;
			projectDirPath = "";
			projectRoot = "";
			targets = (
				B189CB8B255856B300FFBDEA /* FitStart */,
				B189CBA1255856B800FFBDEA /* FitStartTests */,
				B189CBAC255856B800FFBDEA /* FitStartUITests */,
			);
		};
/* End PBXProject section */

/* Begin PBXResourcesBuildPhase section */
		B189CB8A255856B300FFBDEA /* Resources */ = {
			isa = PBXResourcesBuildPhase;
			buildActionMask = 2147483647;
			files = (
				B189CB97255856B700FFBDEA /* Preview Assets.xcassets in Resources */,
				B189CB94255856B700FFBDEA /* Assets.xcassets in Resources */,
				C90478EB2575D0E600BFE166 /* GoogleService-Info.plist in Resources */,
			);
			runOnlyForDeploymentPostprocessing = 0;
		};
		B189CBA0255856B800FFBDEA /* Resources */ = {
			isa = PBXResourcesBuildPhase;
			buildActionMask = 2147483647;
			files = (
			);
			runOnlyForDeploymentPostprocessing = 0;
		};
		B189CBAB255856B800FFBDEA /* Resources */ = {
			isa = PBXResourcesBuildPhase;
			buildActionMask = 2147483647;
			files = (
			);
			runOnlyForDeploymentPostprocessing = 0;
		};
/* End PBXResourcesBuildPhase section */

/* Begin PBXShellScriptBuildPhase section */
		3623B1C4AD737FB73B57FE13 /* [CP] Embed Pods Frameworks */ = {
			isa = PBXShellScriptBuildPhase;
			buildActionMask = 2147483647;
			files = (
			);
			inputFileListPaths = (
				"${PODS_ROOT}/Target Support Files/Pods-FitStart-FitStartUITests/Pods-FitStart-FitStartUITests-frameworks-${CONFIGURATION}-input-files.xcfilelist",
			);
			name = "[CP] Embed Pods Frameworks";
			outputFileListPaths = (
				"${PODS_ROOT}/Target Support Files/Pods-FitStart-FitStartUITests/Pods-FitStart-FitStartUITests-frameworks-${CONFIGURATION}-output-files.xcfilelist",
			);
			runOnlyForDeploymentPostprocessing = 0;
			shellPath = /bin/sh;
			shellScript = "\"${PODS_ROOT}/Target Support Files/Pods-FitStart-FitStartUITests/Pods-FitStart-FitStartUITests-frameworks.sh\"\n";
			showEnvVarsInLog = 0;
		};
		4E6B1817119E25397E4A1560 /* [CP] Check Pods Manifest.lock */ = {
			isa = PBXShellScriptBuildPhase;
			buildActionMask = 2147483647;
			files = (
			);
			inputFileListPaths = (
			);
			inputPaths = (
				"${PODS_PODFILE_DIR_PATH}/Podfile.lock",
				"${PODS_ROOT}/Manifest.lock",
			);
			name = "[CP] Check Pods Manifest.lock";
			outputFileListPaths = (
			);
			outputPaths = (
				"$(DERIVED_FILE_DIR)/Pods-FitStartTests-checkManifestLockResult.txt",
			);
			runOnlyForDeploymentPostprocessing = 0;
			shellPath = /bin/sh;
			shellScript = "diff \"${PODS_PODFILE_DIR_PATH}/Podfile.lock\" \"${PODS_ROOT}/Manifest.lock\" > /dev/null\nif [ $? != 0 ] ; then\n    # print error to STDERR\n    echo \"error: The sandbox is not in sync with the Podfile.lock. Run 'pod install' or update your CocoaPods installation.\" >&2\n    exit 1\nfi\n# This output is used by Xcode 'outputs' to avoid re-running this script phase.\necho \"SUCCESS\" > \"${SCRIPT_OUTPUT_FILE_0}\"\n";
			showEnvVarsInLog = 0;
		};
		5478D60C57EDE5F81DCAEACA /* [CP] Check Pods Manifest.lock */ = {
			isa = PBXShellScriptBuildPhase;
			buildActionMask = 2147483647;
			files = (
			);
			inputFileListPaths = (
			);
			inputPaths = (
				"${PODS_PODFILE_DIR_PATH}/Podfile.lock",
				"${PODS_ROOT}/Manifest.lock",
			);
			name = "[CP] Check Pods Manifest.lock";
			outputFileListPaths = (
			);
			outputPaths = (
				"$(DERIVED_FILE_DIR)/Pods-FitStart-FitStartUITests-checkManifestLockResult.txt",
			);
			runOnlyForDeploymentPostprocessing = 0;
			shellPath = /bin/sh;
			shellScript = "diff \"${PODS_PODFILE_DIR_PATH}/Podfile.lock\" \"${PODS_ROOT}/Manifest.lock\" > /dev/null\nif [ $? != 0 ] ; then\n    # print error to STDERR\n    echo \"error: The sandbox is not in sync with the Podfile.lock. Run 'pod install' or update your CocoaPods installation.\" >&2\n    exit 1\nfi\n# This output is used by Xcode 'outputs' to avoid re-running this script phase.\necho \"SUCCESS\" > \"${SCRIPT_OUTPUT_FILE_0}\"\n";
			showEnvVarsInLog = 0;
		};
		602593F8428054C1F27A4678 /* [CP] Check Pods Manifest.lock */ = {
			isa = PBXShellScriptBuildPhase;
			buildActionMask = 2147483647;
			files = (
			);
			inputFileListPaths = (
			);
			inputPaths = (
				"${PODS_PODFILE_DIR_PATH}/Podfile.lock",
				"${PODS_ROOT}/Manifest.lock",
			);
			name = "[CP] Check Pods Manifest.lock";
			outputFileListPaths = (
			);
			outputPaths = (
				"$(DERIVED_FILE_DIR)/Pods-FitStart-checkManifestLockResult.txt",
			);
			runOnlyForDeploymentPostprocessing = 0;
			shellPath = /bin/sh;
			shellScript = "diff \"${PODS_PODFILE_DIR_PATH}/Podfile.lock\" \"${PODS_ROOT}/Manifest.lock\" > /dev/null\nif [ $? != 0 ] ; then\n    # print error to STDERR\n    echo \"error: The sandbox is not in sync with the Podfile.lock. Run 'pod install' or update your CocoaPods installation.\" >&2\n    exit 1\nfi\n# This output is used by Xcode 'outputs' to avoid re-running this script phase.\necho \"SUCCESS\" > \"${SCRIPT_OUTPUT_FILE_0}\"\n";
			showEnvVarsInLog = 0;
		};
		C2B831B5A36A12D3DF43C11D /* [CP] Embed Pods Frameworks */ = {
			isa = PBXShellScriptBuildPhase;
			buildActionMask = 2147483647;
			files = (
			);
			inputFileListPaths = (
				"${PODS_ROOT}/Target Support Files/Pods-FitStart/Pods-FitStart-frameworks-${CONFIGURATION}-input-files.xcfilelist",
			);
			name = "[CP] Embed Pods Frameworks";
			outputFileListPaths = (
				"${PODS_ROOT}/Target Support Files/Pods-FitStart/Pods-FitStart-frameworks-${CONFIGURATION}-output-files.xcfilelist",
			);
			runOnlyForDeploymentPostprocessing = 0;
			shellPath = /bin/sh;
			shellScript = "\"${PODS_ROOT}/Target Support Files/Pods-FitStart/Pods-FitStart-frameworks.sh\"\n";
			showEnvVarsInLog = 0;
		};
/* End PBXShellScriptBuildPhase section */

/* Begin PBXSourcesBuildPhase section */
		B189CB88255856B300FFBDEA /* Sources */ = {
			isa = PBXSourcesBuildPhase;
			buildActionMask = 2147483647;
			files = (
				C95D619A2575E7230065C677 /* UploadImage.swift in Sources */,
				C9C439352579BF780012C5E9 /* Leaderboard.swift in Sources */,
				C95D619F2575EB990065C677 /* Profile.swift in Sources */,
				B189CBD525585B5F00FFBDEA /* Fitness.swift in Sources */,
				B189CBE725585D5B00FFBDEA /* HomeViewModel.swift in Sources */,
				C9C4392625799DB30012C5E9 /* Cube_one.swift in Sources */,
				C95D61882575DE040065C677 /* RegisterUser.swift in Sources */,
				C95D61952575E0410065C677 /* ImagePicker.swift in Sources */,
				C956836B25758073003881EB /* Station View.swift in Sources */,
				B189CB99255856B700FFBDEA /* Persistence.swift in Sources */,
				B189CBDF25585BAF00FFBDEA /* OnBoardScreen.swift in Sources */,
				B189CB92255856B300FFBDEA /* ContentView.swift in Sources */,
				B14F3EBF2558823100D1B7BB /* ModelData.swift in Sources */,
				B14F3EB725587D7F00D1B7BB /* FitStart.xcdatamodeld in Sources */,
				C9C4392B2579A1710012C5E9 /* Cube_two.swift in Sources */,
				C95D61902575DE9B0065C677 /* RegisterViewModel.swift in Sources */,
				B189CBEC25585DF600FFBDEA /* NewDataView.swift in Sources */,
				B189CBDA25585B7800FFBDEA /* Meal.swift in Sources */,
				B189CBD025585B2700FFBDEA /* Pal.swift in Sources */,
				B189CBF12558631500FFBDEA /* DateButton.swift in Sources */,
				5E49740825609D2D007D89B5 /* LoseWeight.swift in Sources */,
				C9C439302579BEF50012C5E9 /* Goals.swift in Sources */,
				C95D61832575D49E0065C677 /* LoginView.swift in Sources */,
				B189CB90255856B300FFBDEA /* FitStartApp.swift in Sources */,
			);
			runOnlyForDeploymentPostprocessing = 0;
		};
		B189CB9E255856B800FFBDEA /* Sources */ = {
			isa = PBXSourcesBuildPhase;
			buildActionMask = 2147483647;
			files = (
				B189CBA7255856B800FFBDEA /* FitStartTests.swift in Sources */,
			);
			runOnlyForDeploymentPostprocessing = 0;
		};
		B189CBA9255856B800FFBDEA /* Sources */ = {
			isa = PBXSourcesBuildPhase;
			buildActionMask = 2147483647;
			files = (
				B189CBB2255856B800FFBDEA /* FitStartUITests.swift in Sources */,
			);
			runOnlyForDeploymentPostprocessing = 0;
		};
/* End PBXSourcesBuildPhase section */

/* Begin PBXTargetDependency section */
		B189CBA4255856B800FFBDEA /* PBXTargetDependency */ = {
			isa = PBXTargetDependency;
			target = B189CB8B255856B300FFBDEA /* FitStart */;
			targetProxy = B189CBA3255856B800FFBDEA /* PBXContainerItemProxy */;
		};
		B189CBAF255856B800FFBDEA /* PBXTargetDependency */ = {
			isa = PBXTargetDependency;
			target = B189CB8B255856B300FFBDEA /* FitStart */;
			targetProxy = B189CBAE255856B800FFBDEA /* PBXContainerItemProxy */;
		};
/* End PBXTargetDependency section */

/* Begin XCBuildConfiguration section */
		B189CBB4255856B800FFBDEA /* Debug */ = {
			isa = XCBuildConfiguration;
			buildSettings = {
				ALWAYS_SEARCH_USER_PATHS = NO;
				CLANG_ANALYZER_NONNULL = YES;
				CLANG_ANALYZER_NUMBER_OBJECT_CONVERSION = YES_AGGRESSIVE;
				CLANG_CXX_LANGUAGE_STANDARD = "gnu++14";
				CLANG_CXX_LIBRARY = "libc++";
				CLANG_ENABLE_MODULES = YES;
				CLANG_ENABLE_OBJC_ARC = YES;
				CLANG_ENABLE_OBJC_WEAK = YES;
				CLANG_WARN_BLOCK_CAPTURE_AUTORELEASING = YES;
				CLANG_WARN_BOOL_CONVERSION = YES;
				CLANG_WARN_COMMA = YES;
				CLANG_WARN_CONSTANT_CONVERSION = YES;
				CLANG_WARN_DEPRECATED_OBJC_IMPLEMENTATIONS = YES;
				CLANG_WARN_DIRECT_OBJC_ISA_USAGE = YES_ERROR;
				CLANG_WARN_DOCUMENTATION_COMMENTS = YES;
				CLANG_WARN_EMPTY_BODY = YES;
				CLANG_WARN_ENUM_CONVERSION = YES;
				CLANG_WARN_INFINITE_RECURSION = YES;
				CLANG_WARN_INT_CONVERSION = YES;
				CLANG_WARN_NON_LITERAL_NULL_CONVERSION = YES;
				CLANG_WARN_OBJC_IMPLICIT_RETAIN_SELF = YES;
				CLANG_WARN_OBJC_LITERAL_CONVERSION = YES;
				CLANG_WARN_OBJC_ROOT_CLASS = YES_ERROR;
				CLANG_WARN_QUOTED_INCLUDE_IN_FRAMEWORK_HEADER = YES;
				CLANG_WARN_RANGE_LOOP_ANALYSIS = YES;
				CLANG_WARN_STRICT_PROTOTYPES = YES;
				CLANG_WARN_SUSPICIOUS_MOVE = YES;
				CLANG_WARN_UNGUARDED_AVAILABILITY = YES_AGGRESSIVE;
				CLANG_WARN_UNREACHABLE_CODE = YES;
				CLANG_WARN__DUPLICATE_METHOD_MATCH = YES;
				COPY_PHASE_STRIP = NO;
				DEBUG_INFORMATION_FORMAT = dwarf;
				ENABLE_STRICT_OBJC_MSGSEND = YES;
				ENABLE_TESTABILITY = YES;
				GCC_C_LANGUAGE_STANDARD = gnu11;
				GCC_DYNAMIC_NO_PIC = NO;
				GCC_NO_COMMON_BLOCKS = YES;
				GCC_OPTIMIZATION_LEVEL = 0;
				GCC_PREPROCESSOR_DEFINITIONS = (
					"DEBUG=1",
					"$(inherited)",
				);
				GCC_WARN_64_TO_32_BIT_CONVERSION = YES;
				GCC_WARN_ABOUT_RETURN_TYPE = YES_ERROR;
				GCC_WARN_UNDECLARED_SELECTOR = YES;
				GCC_WARN_UNINITIALIZED_AUTOS = YES_AGGRESSIVE;
				GCC_WARN_UNUSED_FUNCTION = YES;
				GCC_WARN_UNUSED_VARIABLE = YES;
				IPHONEOS_DEPLOYMENT_TARGET = 14.1;
				MTL_ENABLE_DEBUG_INFO = INCLUDE_SOURCE;
				MTL_FAST_MATH = YES;
				ONLY_ACTIVE_ARCH = YES;
				SDKROOT = iphoneos;
				SWIFT_ACTIVE_COMPILATION_CONDITIONS = DEBUG;
				SWIFT_OPTIMIZATION_LEVEL = "-Onone";
			};
			name = Debug;
		};
		B189CBB5255856B800FFBDEA /* Release */ = {
			isa = XCBuildConfiguration;
			buildSettings = {
				ALWAYS_SEARCH_USER_PATHS = NO;
				CLANG_ANALYZER_NONNULL = YES;
				CLANG_ANALYZER_NUMBER_OBJECT_CONVERSION = YES_AGGRESSIVE;
				CLANG_CXX_LANGUAGE_STANDARD = "gnu++14";
				CLANG_CXX_LIBRARY = "libc++";
				CLANG_ENABLE_MODULES = YES;
				CLANG_ENABLE_OBJC_ARC = YES;
				CLANG_ENABLE_OBJC_WEAK = YES;
				CLANG_WARN_BLOCK_CAPTURE_AUTORELEASING = YES;
				CLANG_WARN_BOOL_CONVERSION = YES;
				CLANG_WARN_COMMA = YES;
				CLANG_WARN_CONSTANT_CONVERSION = YES;
				CLANG_WARN_DEPRECATED_OBJC_IMPLEMENTATIONS = YES;
				CLANG_WARN_DIRECT_OBJC_ISA_USAGE = YES_ERROR;
				CLANG_WARN_DOCUMENTATION_COMMENTS = YES;
				CLANG_WARN_EMPTY_BODY = YES;
				CLANG_WARN_ENUM_CONVERSION = YES;
				CLANG_WARN_INFINITE_RECURSION = YES;
				CLANG_WARN_INT_CONVERSION = YES;
				CLANG_WARN_NON_LITERAL_NULL_CONVERSION = YES;
				CLANG_WARN_OBJC_IMPLICIT_RETAIN_SELF = YES;
				CLANG_WARN_OBJC_LITERAL_CONVERSION = YES;
				CLANG_WARN_OBJC_ROOT_CLASS = YES_ERROR;
				CLANG_WARN_QUOTED_INCLUDE_IN_FRAMEWORK_HEADER = YES;
				CLANG_WARN_RANGE_LOOP_ANALYSIS = YES;
				CLANG_WARN_STRICT_PROTOTYPES = YES;
				CLANG_WARN_SUSPICIOUS_MOVE = YES;
				CLANG_WARN_UNGUARDED_AVAILABILITY = YES_AGGRESSIVE;
				CLANG_WARN_UNREACHABLE_CODE = YES;
				CLANG_WARN__DUPLICATE_METHOD_MATCH = YES;
				COPY_PHASE_STRIP = NO;
				DEBUG_INFORMATION_FORMAT = "dwarf-with-dsym";
				ENABLE_NS_ASSERTIONS = NO;
				ENABLE_STRICT_OBJC_MSGSEND = YES;
				GCC_C_LANGUAGE_STANDARD = gnu11;
				GCC_NO_COMMON_BLOCKS = YES;
				GCC_WARN_64_TO_32_BIT_CONVERSION = YES;
				GCC_WARN_ABOUT_RETURN_TYPE = YES_ERROR;
				GCC_WARN_UNDECLARED_SELECTOR = YES;
				GCC_WARN_UNINITIALIZED_AUTOS = YES_AGGRESSIVE;
				GCC_WARN_UNUSED_FUNCTION = YES;
				GCC_WARN_UNUSED_VARIABLE = YES;
				IPHONEOS_DEPLOYMENT_TARGET = 14.1;
				MTL_ENABLE_DEBUG_INFO = NO;
				MTL_FAST_MATH = YES;
				SDKROOT = iphoneos;
				SWIFT_COMPILATION_MODE = wholemodule;
				SWIFT_OPTIMIZATION_LEVEL = "-O";
				VALIDATE_PRODUCT = YES;
			};
			name = Release;
		};
		B189CBB7255856B800FFBDEA /* Debug */ = {
			isa = XCBuildConfiguration;
			baseConfigurationReference = EC74B86D493B2F8121E5F00A /* Pods-FitStart.debug.xcconfig */;
			buildSettings = {
				ASSETCATALOG_COMPILER_APPICON_NAME = AppIcon;
				ASSETCATALOG_COMPILER_GLOBAL_ACCENT_COLOR_NAME = AccentColor;
				CODE_SIGN_STYLE = Automatic;
				DEVELOPMENT_ASSET_PATHS = "\"FitStart/Preview Content\"";
				ENABLE_PREVIEWS = YES;
				INFOPLIST_FILE = FitStart/Info.plist;
				IPHONEOS_DEPLOYMENT_TARGET = 14.0;
				LD_RUNPATH_SEARCH_PATHS = (
					"$(inherited)",
					"@executable_path/Frameworks",
				);
				PRODUCT_BUNDLE_IDENTIFIER = com.sparkFellowship.FitStart;
				PRODUCT_NAME = "$(TARGET_NAME)";
				SWIFT_VERSION = 5.0;
				TARGETED_DEVICE_FAMILY = "1,2";
			};
			name = Debug;
		};
		B189CBB8255856B800FFBDEA /* Release */ = {
			isa = XCBuildConfiguration;
			baseConfigurationReference = EC42589BEB2D215201A597BE /* Pods-FitStart.release.xcconfig */;
			buildSettings = {
				ASSETCATALOG_COMPILER_APPICON_NAME = AppIcon;
				ASSETCATALOG_COMPILER_GLOBAL_ACCENT_COLOR_NAME = AccentColor;
				CODE_SIGN_STYLE = Automatic;
				DEVELOPMENT_ASSET_PATHS = "\"FitStart/Preview Content\"";
				ENABLE_PREVIEWS = YES;
				INFOPLIST_FILE = FitStart/Info.plist;
				IPHONEOS_DEPLOYMENT_TARGET = 14.0;
				LD_RUNPATH_SEARCH_PATHS = (
					"$(inherited)",
					"@executable_path/Frameworks",
				);
				PRODUCT_BUNDLE_IDENTIFIER = com.sparkFellowship.FitStart;
				PRODUCT_NAME = "$(TARGET_NAME)";
				SWIFT_VERSION = 5.0;
				TARGETED_DEVICE_FAMILY = "1,2";
			};
			name = Release;
		};
		B189CBBA255856B800FFBDEA /* Debug */ = {
			isa = XCBuildConfiguration;
			baseConfigurationReference = 33936E23C09EEC0AAA1992B3 /* Pods-FitStartTests.debug.xcconfig */;
			buildSettings = {
				ALWAYS_EMBED_SWIFT_STANDARD_LIBRARIES = YES;
				BUNDLE_LOADER = "$(TEST_HOST)";
				CODE_SIGN_STYLE = Automatic;
				INFOPLIST_FILE = FitStartTests/Info.plist;
				IPHONEOS_DEPLOYMENT_TARGET = 14.0;
				LD_RUNPATH_SEARCH_PATHS = (
					"$(inherited)",
					"@executable_path/Frameworks",
					"@loader_path/Frameworks",
				);
				PRODUCT_BUNDLE_IDENTIFIER = com.sparkFellowship.FitStartTests;
				PRODUCT_NAME = "$(TARGET_NAME)";
				SWIFT_VERSION = 5.0;
				TARGETED_DEVICE_FAMILY = "1,2";
				TEST_HOST = "$(BUILT_PRODUCTS_DIR)/FitStart.app/FitStart";
			};
			name = Debug;
		};
		B189CBBB255856B800FFBDEA /* Release */ = {
			isa = XCBuildConfiguration;
			baseConfigurationReference = 9C4EEFD7EF10E7BD7CEB6A6E /* Pods-FitStartTests.release.xcconfig */;
			buildSettings = {
				ALWAYS_EMBED_SWIFT_STANDARD_LIBRARIES = YES;
				BUNDLE_LOADER = "$(TEST_HOST)";
				CODE_SIGN_STYLE = Automatic;
				INFOPLIST_FILE = FitStartTests/Info.plist;
				IPHONEOS_DEPLOYMENT_TARGET = 14.0;
				LD_RUNPATH_SEARCH_PATHS = (
					"$(inherited)",
					"@executable_path/Frameworks",
					"@loader_path/Frameworks",
				);
				PRODUCT_BUNDLE_IDENTIFIER = com.sparkFellowship.FitStartTests;
				PRODUCT_NAME = "$(TARGET_NAME)";
				SWIFT_VERSION = 5.0;
				TARGETED_DEVICE_FAMILY = "1,2";
				TEST_HOST = "$(BUILT_PRODUCTS_DIR)/FitStart.app/FitStart";
			};
			name = Release;
		};
		B189CBBD255856B800FFBDEA /* Debug */ = {
			isa = XCBuildConfiguration;
			baseConfigurationReference = 2EBED182DB7DC8FBDD6145A4 /* Pods-FitStart-FitStartUITests.debug.xcconfig */;
			buildSettings = {
				ALWAYS_EMBED_SWIFT_STANDARD_LIBRARIES = YES;
				CODE_SIGN_STYLE = Automatic;
				INFOPLIST_FILE = FitStartUITests/Info.plist;
				LD_RUNPATH_SEARCH_PATHS = (
					"$(inherited)",
					"@executable_path/Frameworks",
					"@loader_path/Frameworks",
				);
				PRODUCT_BUNDLE_IDENTIFIER = com.sparkFellowship.FitStartUITests;
				PRODUCT_NAME = "$(TARGET_NAME)";
				SWIFT_VERSION = 5.0;
				TARGETED_DEVICE_FAMILY = "1,2";
				TEST_TARGET_NAME = FitStart;
			};
			name = Debug;
		};
		B189CBBE255856B800FFBDEA /* Release */ = {
			isa = XCBuildConfiguration;
			baseConfigurationReference = E451E7A9383B7A5CDF28A792 /* Pods-FitStart-FitStartUITests.release.xcconfig */;
			buildSettings = {
				ALWAYS_EMBED_SWIFT_STANDARD_LIBRARIES = YES;
				CODE_SIGN_STYLE = Automatic;
				INFOPLIST_FILE = FitStartUITests/Info.plist;
				LD_RUNPATH_SEARCH_PATHS = (
					"$(inherited)",
					"@executable_path/Frameworks",
					"@loader_path/Frameworks",
				);
				PRODUCT_BUNDLE_IDENTIFIER = com.sparkFellowship.FitStartUITests;
				PRODUCT_NAME = "$(TARGET_NAME)";
				SWIFT_VERSION = 5.0;
				TARGETED_DEVICE_FAMILY = "1,2";
				TEST_TARGET_NAME = FitStart;
			};
			name = Release;
		};
/* End XCBuildConfiguration section */

/* Begin XCConfigurationList section */
		B189CB87255856B300FFBDEA /* Build configuration list for PBXProject "FitStart" */ = {
			isa = XCConfigurationList;
			buildConfigurations = (
				B189CBB4255856B800FFBDEA /* Debug */,
				B189CBB5255856B800FFBDEA /* Release */,
			);
			defaultConfigurationIsVisible = 0;
			defaultConfigurationName = Release;
		};
		B189CBB6255856B800FFBDEA /* Build configuration list for PBXNativeTarget "FitStart" */ = {
			isa = XCConfigurationList;
			buildConfigurations = (
				B189CBB7255856B800FFBDEA /* Debug */,
				B189CBB8255856B800FFBDEA /* Release */,
			);
			defaultConfigurationIsVisible = 0;
			defaultConfigurationName = Release;
		};
		B189CBB9255856B800FFBDEA /* Build configuration list for PBXNativeTarget "FitStartTests" */ = {
			isa = XCConfigurationList;
			buildConfigurations = (
				B189CBBA255856B800FFBDEA /* Debug */,
				B189CBBB255856B800FFBDEA /* Release */,
			);
			defaultConfigurationIsVisible = 0;
			defaultConfigurationName = Release;
		};
		B189CBBC255856B800FFBDEA /* Build configuration list for PBXNativeTarget "FitStartUITests" */ = {
			isa = XCConfigurationList;
			buildConfigurations = (
				B189CBBD255856B800FFBDEA /* Debug */,
				B189CBBE255856B800FFBDEA /* Release */,
			);
			defaultConfigurationIsVisible = 0;
			defaultConfigurationName = Release;
		};
/* End XCConfigurationList section */

/* Begin XCVersionGroup section */
		B14F3EB525587D7F00D1B7BB /* FitStart.xcdatamodeld */ = {
			isa = XCVersionGroup;
			children = (
				B14F3EB625587D7F00D1B7BB /* FitStart.xcdatamodel */,
			);
			currentVersion = B14F3EB625587D7F00D1B7BB /* FitStart.xcdatamodel */;
			path = FitStart.xcdatamodeld;
			sourceTree = "<group>";
			versionGroupType = wrapper.xcdatamodel;
		};
/* End XCVersionGroup section */
	};
	rootObject = B189CB84255856B300FFBDEA /* Project object */;
}
